
Microsoft Visual Studio Solution File, Format Version 12.00
Project("{FAE04EC0-301F-11D3-BF4B-00C04F79EFBC}") = "Pinterest-Image-Downloader", "Pinterest-Image-Downloader.csproj", "{7C913B9D-79D7-46E6-B223-AF2EF0CFBB50}"
EndProject
Global
	GlobalSection(SolutionConfigurationPlatforms) = preSolution
		Debug|Any CPU = Debug|Any CPU
		Release|Any CPU = Release|Any CPU
	EndGlobalSection
	GlobalSection(ProjectConfigurationPlatforms) = postSolution
		{7C913B9D-79D7-46E6-B223-AF2EF0CFBB50}.Debug|Any CPU.ActiveCfg = Debug|Any CPU
		{7C913B9D-79D7-46E6-B223-AF2EF0CFBB50}.Debug|Any CPU.Build.0 = Debug|Any CPU
		{7C913B9D-79D7-46E6-B223-AF2EF0CFBB50}.Release|Any CPU.ActiveCfg = Release|Any CPU
		{7C913B9D-79D7-46E6-B223-AF2EF0CFBB50}.Release|Any CPU.Build.0 = Release|Any CPU
	EndGlobalSection
EndGlobal
